
Microsoft Visual Studio Solution File, Format Version 12.00
# Visual Studio Version 17
VisualStudioVersion = 17.3.32929.385
MinimumVisualStudioVersion = 10.0.40219.1
Project("{9A19103F-16F7-4668-BE54-9A1E7A4F7556}") = "KendoDemoTest", "KendoDemoTest\KendoDemoTest.csproj", "{A32DE44C-6C26-4C20-AF1B-6EDCDBEC9CE8}"
EndProject
Project("{2150E333-8FDC-42A3-9474-1A3956D46DE8}") = "Core", "Core", "{0FEB823E-2D99-4A27-85EC-4E3B968972A2}"
EndProject
Project("{FAE04EC0-301F-11D3-BF4B-00C04F79EFBC}") = "Core_Db", "Core_Db\Core_Db.csproj", "{FD48CDD5-DF0B-45F0-AE9B-367ED7B4E6AB}"
EndProject
Global
	GlobalSection(SolutionConfigurationPlatforms) = preSolution
		Debug|Any CPU = Debug|Any CPU
		Release|Any CPU = Release|Any CPU
	EndGlobalSection
	GlobalSection(ProjectConfigurationPlatforms) = postSolution
		{A32DE44C-6C26-4C20-AF1B-6EDCDBEC9CE8}.Debug|Any CPU.ActiveCfg = Debug|Any CPU
		{A32DE44C-6C26-4C20-AF1B-6EDCDBEC9CE8}.Debug|Any CPU.Build.0 = Debug|Any CPU
		{A32DE44C-6C26-4C20-AF1B-6EDCDBEC9CE8}.Release|Any CPU.ActiveCfg = Release|Any CPU
		{A32DE44C-6C26-4C20-AF1B-6EDCDBEC9CE8}.Release|Any CPU.Build.0 = Release|Any CPU
		{FD48CDD5-DF0B-45F0-AE9B-367ED7B4E6AB}.Debug|Any CPU.ActiveCfg = Debug|Any CPU
		{FD48CDD5-DF0B-45F0-AE9B-367ED7B4E6AB}.Debug|Any CPU.Build.0 = Debug|Any CPU
		{FD48CDD5-DF0B-45F0-AE9B-367ED7B4E6AB}.Release|Any CPU.ActiveCfg = Release|Any CPU
		{FD48CDD5-DF0B-45F0-AE9B-367ED7B4E6AB}.Release|Any CPU.Build.0 = Release|Any CPU
	EndGlobalSection
	GlobalSection(SolutionProperties) = preSolution
		HideSolutionNode = FALSE
	EndGlobalSection
	GlobalSection(NestedProjects) = preSolution
		{FD48CDD5-DF0B-45F0-AE9B-367ED7B4E6AB} = {0FEB823E-2D99-4A27-85EC-4E3B968972A2}
	EndGlobalSection
	GlobalSection(ExtensibilityGlobals) = postSolution
		SolutionGuid = {4A8AE399-A3DC-4BC4-9FEA-F120710AF1EC}
	EndGlobalSection
EndGlobal
